
Microsoft Visual Studio Solution File, Format Version 12.00
Project("{FAE04EC0-301F-11D3-BF4B-00C04F79EFBC}") = "apbd_06", "apbd_06\apbd_06.csproj", "{923D2FF3-8033-415C-B20B-6F2465B9433A}"
EndProject
Global
	GlobalSection(SolutionConfigurationPlatforms) = preSolution
		Debug|Any CPU = Debug|Any CPU
		Release|Any CPU = Release|Any CPU
	EndGlobalSection
	GlobalSection(ProjectConfigurationPlatforms) = postSolution
		{923D2FF3-8033-415C-B20B-6F2465B9433A}.Debug|Any CPU.ActiveCfg = Debug|Any CPU
		{923D2FF3-8033-415C-B20B-6F2465B9433A}.Debug|Any CPU.Build.0 = Debug|Any CPU
		{923D2FF3-8033-415C-B20B-6F2465B9433A}.Release|Any CPU.ActiveCfg = Release|Any CPU
		{923D2FF3-8033-415C-B20B-6F2465B9433A}.Release|Any CPU.Build.0 = Release|Any CPU
	EndGlobalSection
EndGlobal
